
Microsoft Visual Studio Solution File, Format Version 12.00
# Visual Studio 15
VisualStudioVersion = 15.0.27130.2027
MinimumVisualStudioVersion = 10.0.40219.1
Project("{FAE04EC0-301F-11D3-BF4B-00C04F79EFBC}") = "LambdaChallenge", "LambdaChallenge.csproj", "{1A31B3E4-0483-4487-87C6-D9ABD23C14A7}"
EndProject
Global
	GlobalSection(SolutionConfigurationPlatforms) = preSolution
		Debug|Any CPU = Debug|Any CPU
		Release|Any CPU = Release|Any CPU
	EndGlobalSection
	GlobalSection(ProjectConfigurationPlatforms) = postSolution
		{1A31B3E4-0483-4487-87C6-D9ABD23C14A7}.Debug|Any CPU.ActiveCfg = Debug|Any CPU
		{1A31B3E4-0483-4487-87C6-D9ABD23C14A7}.Debug|Any CPU.Build.0 = Debug|Any CPU
		{1A31B3E4-0483-4487-87C6-D9ABD23C14A7}.Release|Any CPU.ActiveCfg = Release|Any CPU
		{1A31B3E4-0483-4487-87C6-D9ABD23C14A7}.Release|Any CPU.Build.0 = Release|Any CPU
	EndGlobalSection
	GlobalSection(SolutionProperties) = preSolution
		HideSolutionNode = FALSE
	EndGlobalSection
	GlobalSection(ExtensibilityGlobals) = postSolution
		SolutionGuid = {F512C754-3851-42F8-8F02-70B033DC35C7}
	EndGlobalSection
EndGlobal
